PODS:
  - Capacitor (6.2.1):
    - CapacitorCordova
  - CapacitorApp (6.0.3):
    - Capacitor
  - CapacitorCommunityFacebookLogin (8.0.0):
    - Capacitor
    - FBSDKCoreKit (~> 18.0)
    - FBSDKLoginKit (~> 18.0)
  - CapacitorCordova (6.2.1)
  - CapacitorStatusBar (6.0.3):
    - Capacitor
  - FBAEMKit (18.0.3):
    - FBSDKCoreKit_Basics (= 18.0.3)
  - FBSDKCoreKit (18.0.3):
    - FBAEMKit (= 18.0.3)
    - FBSDKCoreKit_Basics (= 18.0.3)
  - FBSDKCoreKit_Basics (18.0.3)
  - FBSDKLoginKit (18.0.3):
    - FBSDKCoreKit (= 18.0.3)

DEPENDENCIES:
  - "Capacitor (from `../../node_modules/@capacitor/ios`)"
  - "CapacitorApp (from `../../node_modules/@capacitor/app`)"
  - "CapacitorCommunityFacebookLogin (from `../../node_modules/@capacitor-community/facebook-login`)"
  - "CapacitorCordova (from `../../node_modules/@capacitor/ios`)"
  - "CapacitorStatusBar (from `../../node_modules/@capacitor/status-bar`)"

SPEC REPOS:
  trunk:
    - FBAEMKit
    - FBSDKCoreKit
    - FBSDKCoreKit_Basics
    - FBSDKLoginKit

EXTERNAL SOURCES:
  Capacitor:
    :path: "../../node_modules/@capacitor/ios"
  CapacitorApp:
    :path: "../../node_modules/@capacitor/app"
  CapacitorCommunityFacebookLogin:
    :path: "../../node_modules/@capacitor-community/facebook-login"
  CapacitorCordova:
    :path: "../../node_modules/@capacitor/ios"
  CapacitorStatusBar:
    :path: "../../node_modules/@capacitor/status-bar"

SPEC CHECKSUMS:
  Capacitor: c95400d761e376be9da6be5a05f226c0e865cebf
  CapacitorApp: a19ccb4f5f32d2534be5c6f524d5a9b614a1e8a7
  CapacitorCommunityFacebookLogin: 8aea017e9f63af13f5998ac09defe4cd711cfe00
  CapacitorCordova: 8d93e14982f440181be7304aa9559ca631d77fff
  CapacitorStatusBar: 149cde8f1328ec3aa6cbdd872a55137ae3f98b16
  FBAEMKit: 2a6b529993713c185b02bc36f8c91129bf78dfb0
  FBSDKCoreKit: 65d7f7a7d6fcc3aa6eb6e093ec737a4184fc6049
  FBSDKCoreKit_Basics: 7bc9d8fde8f70985fba2ed7c1d07e319f969a991
  FBSDKLoginKit: 66d20fcb7afcafc0c420477662f96845cd1a5179

PODFILE CHECKSUM: d0227551903e2a7dce827cb807ac6415d0eb486b

COCOAPODS: 1.16.2
